
Microsoft Visual Studio Solution File, Format Version 12.00
# Visual Studio Version 17
VisualStudioVersion = 17.5.33516.290
MinimumVisualStudioVersion = 10.0.40219.1
Project("{9A19103F-16F7-4668-BE54-9A1E7A4F7556}") = "MagicVilla_VillaAPI", "MagicVilla_VillaAPI\MagicVilla_VillaAPI.csproj", "{9BDE6436-66D4-46F9-BE7C-23E08B6DE279}"
EndProject
Project("{FAE04EC0-301F-11D3-BF4B-00C04F79EFBC}") = "MagicVilla_Web", "MagicVilla_Web\MagicVilla_Web.csproj", "{6E9A8755-2CA4-445B-B502-BBA7FFE0DF2B}"
EndProject
Project("{FAE04EC0-301F-11D3-BF4B-00C04F79EFBC}") = "MagicVilla_Utility", "MagicVilla_Utility\MagicVilla_Utility.csproj", "{DA848C88-6DE5-4A53-B162-B84AAA11D8F3}"
EndProject
Global
	GlobalSection(SolutionConfigurationPlatforms) = preSolution
		Debug|Any CPU = Debug|Any CPU
		Release|Any CPU = Release|Any CPU
	EndGlobalSection
	GlobalSection(ProjectConfigurationPlatforms) = postSolution
		{9BDE6436-66D4-46F9-BE7C-23E08B6DE279}.Debug|Any CPU.ActiveCfg = Debug|Any CPU
		{9BDE6436-66D4-46F9-BE7C-23E08B6DE279}.Debug|Any CPU.Build.0 = Debug|Any CPU
		{9BDE6436-66D4-46F9-BE7C-23E08B6DE279}.Release|Any CPU.ActiveCfg = Release|Any CPU
		{9BDE6436-66D4-46F9-BE7C-23E08B6DE279}.Release|Any CPU.Build.0 = Release|Any CPU
		{6E9A8755-2CA4-445B-B502-BBA7FFE0DF2B}.Debug|Any CPU.ActiveCfg = Debug|Any CPU
		{6E9A8755-2CA4-445B-B502-BBA7FFE0DF2B}.Debug|Any CPU.Build.0 = Debug|Any CPU
		{6E9A8755-2CA4-445B-B502-BBA7FFE0DF2B}.Release|Any CPU.ActiveCfg = Release|Any CPU
		{6E9A8755-2CA4-445B-B502-BBA7FFE0DF2B}.Release|Any CPU.Build.0 = Release|Any CPU
		{DA848C88-6DE5-4A53-B162-B84AAA11D8F3}.Debug|Any CPU.ActiveCfg = Debug|Any CPU
		{DA848C88-6DE5-4A53-B162-B84AAA11D8F3}.Debug|Any CPU.Build.0 = Debug|Any CPU
		{DA848C88-6DE5-4A53-B162-B84AAA11D8F3}.Release|Any CPU.ActiveCfg = Release|Any CPU
		{DA848C88-6DE5-4A53-B162-B84AAA11D8F3}.Release|Any CPU.Build.0 = Release|Any CPU
	EndGlobalSection
	GlobalSection(SolutionProperties) = preSolution
		HideSolutionNode = FALSE
	EndGlobalSection
	GlobalSection(ExtensibilityGlobals) = postSolution
		SolutionGuid = {08FF8A1A-5F24-4A4D-BAB1-A5D455CE18D2}
	EndGlobalSection
EndGlobal
